<?xml version="1.0" encoding="utf-8"?>
<Project ToolsVersion="4.0" xmlns="http://schemas.microsoft.com/developer/msbuild/2003">
  <ItemGroup>
    <Filter Include="Core">
      <UniqueIdentifier>{4556e2d6-de5a-472c-8d48-e5034f04b925}</UniqueIdentifier>
    </Filter>
    <Filter Include="Utilities">
      <UniqueIdentifier>{a309b508-9012-4d42-8dda-f3b1569df490}</UniqueIdentifier>
    </Filter>
    <Filter Include="Core\Scene">
      <UniqueIdentifier>{f0348bf8-e79d-49d4-8389-c3a6579cabbd}</UniqueIdentifier>
    </Filter>
    <Filter Include="Core\Scene\GL">
      <UniqueIdentifier>{a159c746-10db-4a36-b401-5a77ac01bfbf}</UniqueIdentifier>
    </Filter>
  </ItemGroup>
  <ItemGroup>
    <ClInclude Include="Main.h" />
    <ClInclude Include="Core\Game.h">
      <Filter>Core</Filter>
    </ClInclude>
    <ClInclude Include="Core\Input.h">
      <Filter>Core</Filter>
    </ClInclude>
    <ClInclude Include="Core\Scene\GL\GLSLProgram.h">
      <Filter>Core\Scene\GL</Filter>
    </ClInclude>
    <ClInclude Include="Utilities\IOUtils.h">
      <Filter>Utilities</Filter>
    </ClInclude>
    <ClInclude Include="Utilities\Log.h">
      <Filter>Utilities</Filter>
    </ClInclude>
    <ClInclude Include="Core\Scene\GL\Model3D.h">
      <Filter>Core\Scene\GL</Filter>
    </ClInclude>
    <ClInclude Include="Utilities\Utilities.h">
      <Filter>Utilities</Filter>
    </ClInclude>
    <ClInclude Include="Core\Scene\GL\Vertex.h">
      <Filter>Core\Scene\GL</Filter>
    </ClInclude>
    <ClInclude Include="Utilities\RenderUtils.h">
      <Filter>Utilities</Filter>
    </ClInclude>
    <ClInclude Include="Utilities\Time.h">
      <Filter>Utilities</Filter>
    </ClInclude>
    <ClInclude Include="Core\Window.h">
      <Filter>Core</Filter>
    </ClInclude>
    <ClInclude Include="Core\Scene\Graph\Entity.h">
      <Filter>Core\Scene</Filter>
    </ClInclude>
    <ClInclude Include="Core\Scene\Graph\Transform.h">
      <Filter>Core\Scene</Filter>
    </ClInclude>
    <ClInclude Include="Core\Scene\Graph\SceneObject.h">
      <Filter>Core\Scene</Filter>
    </ClInclude>
    <ClInclude Include="Core\Scene\Graph\Scene.h">
      <Filter>Core\Scene</Filter>
    </ClInclude>
    <ClInclude Include="Core\Scene\Graph\Primitives\Shapes.h">
      <Filter>Core\Scene</Filter>
    </ClInclude>
    <ClInclude Include="Core\Scene\Graph\Camera\OrthographicCamera.h">
      <Filter>Core\Scene</Filter>
    </ClInclude>
    <ClInclude Include="Core\Scene\Graph\Camera\PerspectiveCamera.h">
      <Filter>Core\Scene</Filter>
    </ClInclude>
    <ClInclude Include="Core\Scene\Graph\Camera\Camera.h">
      <Filter>Core\Scene</Filter>
    </ClInclude>
    <ClInclude Include="Core\ModelUtils.h">
      <Filter>Utilities</Filter>
    </ClInclude>
  </ItemGroup>
  <ItemGroup>
    <ClCompile Include="Main.cpp" />
    <ClCompile Include="Core\Game.cpp">
      <Filter>Core</Filter>
    </ClCompile>
    <ClCompile Include="Core\Input.cpp">
      <Filter>Core</Filter>
    </ClCompile>
    <ClCompile Include="Core\Scene\GL\GLSLProgram.cpp">
      <Filter>Core\Scene\GL</Filter>
    </ClCompile>
    <ClCompile Include="Utilities\IOUtils.cpp">
      <Filter>Utilities</Filter>
    </ClCompile>
    <ClCompile Include="Utilities\Log.cpp">
      <Filter>Utilities</Filter>
    </ClCompile>
    <ClCompile Include="Core\Scene\GL\Model3D.cpp">
      <Filter>Core\Scene\GL</Filter>
    </ClCompile>
    <ClCompile Include="Utilities\RenderUtils.cpp">
      <Filter>Utilities</Filter>
    </ClCompile>
    <ClCompile Include="Utilities\Time.cpp">
      <Filter>Utilities</Filter>
    </ClCompile>
    <ClCompile Include="Core\Window.cpp">
      <Filter>Core</Filter>
    </ClCompile>
    <ClCompile Include="Core\Scene\Graph\Transform.cpp">
      <Filter>Core\Scene</Filter>
    </ClCompile>
    <ClCompile Include="Core\Scene\Graph\Scene.cpp">
      <Filter>Core\Scene</Filter>
    </ClCompile>
    <ClCompile Include="Core\Scene\Graph\Camera\OrthographicCamera.cpp">
      <Filter>Core\Scene</Filter>
    </ClCompile>
    <ClCompile Include="Core\Scene\Graph\Camera\PerspectiveCamera.cpp">
      <Filter>Core\Scene</Filter>
    </ClCompile>
    <ClCompile Include="Core\Scene\Graph\Primitives\Shapes.cpp">
      <Filter>Core\Scene</Filter>
    </ClCompile>
    <ClCompile Include="Core\Scene\Graph\Camera\CameraControl.cpp">
      <Filter>Core\Scene</Filter>
    </ClCompile>
    <ClCompile Include="Core\ModelUtils.cpp">
      <Filter>Utilities</Filter>
    </ClCompile>
    <ClCompile Include="Core\Scene\Graph\Entity.cpp" />
  </ItemGroup>
  <ItemGroup>
    <None Include="basic.vert" />
    <None Include="basic.frag" />
  </ItemGroup>
  <ItemGroup>
    <Resource Include="Core\Scene\Graph\Primitives\obj\cube.obj" />
    <Resource Include="Core\Scene\Graph\Primitives\obj\cylinder.obj" />
    <Resource Include="Core\Scene\Graph\Primitives\obj\monkey.obj" />
    <Resource Include="Core\Scene\Graph\Primitives\obj\sphere.obj" />
  </ItemGroup>
</Project>