<?xml version="1.0" encoding="utf-8"?>
<Project ToolsVersion="4.0" xmlns="http://schemas.microsoft.com/developer/msbuild/2003">
  <ItemGroup>
    <Filter Include="Core">
      <UniqueIdentifier>{4556e2d6-de5a-472c-8d48-e5034f04b925}</UniqueIdentifier>
    </Filter>
    <Filter Include="Utilities">
      <UniqueIdentifier>{a309b508-9012-4d42-8dda-f3b1569df490}</UniqueIdentifier>
    </Filter>
  </ItemGroup>
  <ItemGroup>
    <ClInclude Include="Game.h">
      <Filter>Core</Filter>
    </ClInclude>
    <ClInclude Include="Time.h">
      <Filter>Utilities</Filter>
    </ClInclude>
    <ClInclude Include="Log.h">
      <Filter>Utilities</Filter>
    </ClInclude>
    <ClInclude Include="RenderUtils.h">
      <Filter>Utilities</Filter>
    </ClInclude>
    <ClInclude Include="Vertex.h">
      <Filter>Core</Filter>
    </ClInclude>
    <ClInclude Include="Mesh.h">
      <Filter>Core</Filter>
    </ClInclude>
    <ClInclude Include="Math3d.h">
      <Filter>Core</Filter>
    </ClInclude>
    <ClInclude Include="Main.h" />
  </ItemGroup>
  <ItemGroup>
    <ClCompile Include="Game.cpp">
      <Filter>Core</Filter>
    </ClCompile>
    <ClCompile Include="Time.cpp">
      <Filter>Utilities</Filter>
    </ClCompile>
    <ClCompile Include="Log.cpp">
      <Filter>Utilities</Filter>
    </ClCompile>
    <ClCompile Include="RenderUtils.cpp">
      <Filter>Utilities</Filter>
    </ClCompile>
    <ClCompile Include="Mesh.cpp">
      <Filter>Core</Filter>
    </ClCompile>
    <ClCompile Include="Math3d.cpp">
      <Filter>Core</Filter>
    </ClCompile>
    <ClCompile Include="Main.cpp" />
  </ItemGroup>
</Project>