<?xml version="1.0" encoding="utf-8"?>
<Project ToolsVersion="4.0" xmlns="http://schemas.microsoft.com/developer/msbuild/2003">
  <ItemGroup>
    <Filter Include="Core">
      <UniqueIdentifier>{4556e2d6-de5a-472c-8d48-e5034f04b925}</UniqueIdentifier>
    </Filter>
    <Filter Include="Utilities">
      <UniqueIdentifier>{a309b508-9012-4d42-8dda-f3b1569df490}</UniqueIdentifier>
    </Filter>
    <Filter Include="Core\Scene">
      <UniqueIdentifier>{e9189117-0f09-4dcc-897c-f514370c1cd2}</UniqueIdentifier>
    </Filter>
    <Filter Include="Core\GL">
      <UniqueIdentifier>{ea1f9206-b7f7-411f-a6eb-206777a7be49}</UniqueIdentifier>
    </Filter>
    <Filter Include="Core\Scene\Primitives">
      <UniqueIdentifier>{8f3ee7ee-1df5-4fb8-a42d-8ea270d837be}</UniqueIdentifier>
    </Filter>
  </ItemGroup>
  <ItemGroup>
    <ClInclude Include="Game.h">
      <Filter>Core</Filter>
    </ClInclude>
    <ClInclude Include="Time.h">
      <Filter>Utilities</Filter>
    </ClInclude>
    <ClInclude Include="Log.h">
      <Filter>Utilities</Filter>
    </ClInclude>
    <ClInclude Include="RenderUtils.h">
      <Filter>Utilities</Filter>
    </ClInclude>
    <ClInclude Include="Main.h" />
    <ClInclude Include="Utilities.h">
      <Filter>Utilities</Filter>
    </ClInclude>
    <ClInclude Include="IOUtils.h">
      <Filter>Utilities</Filter>
    </ClInclude>
    <ClInclude Include="Input.h">
      <Filter>Core</Filter>
    </ClInclude>
    <ClInclude Include="Entity.h">
      <Filter>Core\Scene</Filter>
    </ClInclude>
    <ClInclude Include="Transform.h">
      <Filter>Core\Scene</Filter>
    </ClInclude>
    <ClInclude Include="GLSLProgram.h">
      <Filter>Core\GL</Filter>
    </ClInclude>
    <ClInclude Include="Vertex.h">
      <Filter>Core\GL</Filter>
    </ClInclude>
    <ClInclude Include="Model3D.h">
      <Filter>Core\Scene</Filter>
    </ClInclude>
  </ItemGroup>
  <ItemGroup>
    <ClCompile Include="Game.cpp">
      <Filter>Core</Filter>
    </ClCompile>
    <ClCompile Include="Time.cpp">
      <Filter>Utilities</Filter>
    </ClCompile>
    <ClCompile Include="Log.cpp">
      <Filter>Utilities</Filter>
    </ClCompile>
    <ClCompile Include="RenderUtils.cpp">
      <Filter>Utilities</Filter>
    </ClCompile>
    <ClCompile Include="Main.cpp" />
    <ClCompile Include="IOUtils.cpp">
      <Filter>Utilities</Filter>
    </ClCompile>
    <ClCompile Include="Input.cpp">
      <Filter>Core</Filter>
    </ClCompile>
    <ClCompile Include="Transform.cpp">
      <Filter>Core\Scene</Filter>
    </ClCompile>
    <ClCompile Include="GLSLProgram.cpp">
      <Filter>Core\GL</Filter>
    </ClCompile>
    <ClCompile Include="Model3D.cpp">
      <Filter>Core\Scene</Filter>
    </ClCompile>
  </ItemGroup>
</Project>